
Microsoft Visual Studio Solution File, Format Version 12.00
# Visual Studio 15
VisualStudioVersion = 15.0.28010.2026
MinimumVisualStudioVersion = 10.0.40219.1
Project("{E24C65DC-7377-472B-9ABA-BC803B73C61A}") = "WebSite8", "WebSite8\", "{23698DD2-DE47-467A-9DD3-F5C9E05E5E56}"
	ProjectSection(WebsiteProperties) = preProject
		TargetFrameworkMoniker = ".NETFramework,Version%3Dv4.6.1"
		Debug.AspNetCompiler.VirtualPath = "/localhost_59948"
		Debug.AspNetCompiler.PhysicalPath = "WebSite8\"
		Debug.AspNetCompiler.TargetPath = "PrecompiledWeb\localhost_59948\"
		Debug.AspNetCompiler.Updateable = "true"
		Debug.AspNetCompiler.ForceOverwrite = "true"
		Debug.AspNetCompiler.FixedNames = "false"
		Debug.AspNetCompiler.Debug = "True"
		Release.AspNetCompiler.VirtualPath = "/localhost_59948"
		Release.AspNetCompiler.PhysicalPath = "WebSite8\"
		Release.AspNetCompiler.TargetPath = "PrecompiledWeb\localhost_59948\"
		Release.AspNetCompiler.Updateable = "true"
		Release.AspNetCompiler.ForceOverwrite = "true"
		Release.AspNetCompiler.FixedNames = "false"
		Release.AspNetCompiler.Debug = "False"
		VWDPort = "59948"
		SlnRelativePath = "WebSite8\"
		DefaultWebSiteLanguage = "Visual C#"
	EndProjectSection
EndProject
Global
	GlobalSection(SolutionConfigurationPlatforms) = preSolution
		Debug|Any CPU = Debug|Any CPU
	EndGlobalSection
	GlobalSection(ProjectConfigurationPlatforms) = postSolution
		{23698DD2-DE47-467A-9DD3-F5C9E05E5E56}.Debug|Any CPU.ActiveCfg = Debug|Any CPU
		{23698DD2-DE47-467A-9DD3-F5C9E05E5E56}.Debug|Any CPU.Build.0 = Debug|Any CPU
	EndGlobalSection
	GlobalSection(SolutionProperties) = preSolution
		HideSolutionNode = FALSE
	EndGlobalSection
	GlobalSection(ExtensibilityGlobals) = postSolution
		SolutionGuid = {BA06E925-B841-4932-9753-4E0E063D6A88}
	EndGlobalSection
EndGlobal
